{
  "name": "android-file-logger",
  "version": "1.0.0-rc2",
  "lockfileVersion": 3,
  "requires": true,
  "packages": {
    "": {
      "name": "android-file-logger",
      "version": "1.0.0-rc2",
      "workspaces": [
        "packages/android-file-logger-filelogger-core",
        "packages/android-file-logger-filelogger-core-test",
        "packages_imported/Kotlin-DateTime-library-kotlinx-datetime-wasm-js/0.6.1"
      ],
      "devDependencies": {}
    },
    "node_modules/@js-joda/core": {
      "version": "3.2.0",
      "resolved": "https://registry.npmjs.org/@js-joda/core/-/core-3.2.0.tgz",
      "integrity": "sha512-PMqgJ0sw5B7FKb2d5bWYIoxjri+QlW/Pys7+Rw82jSH0QN3rB05jZ/VrrsUdh1w4+i2kw9JOejXGq/KhDOX7Kg==",
      "license": "BSD-3-Clause"
    },
    "node_modules/android-file-logger-filelogger-core": {
      "resolved": "packages/android-file-logger-filelogger-core",
      "link": true
    },
    "node_modules/android-file-logger-filelogger-core-test": {
      "resolved": "packages/android-file-logger-filelogger-core-test",
      "link": true
    },
    "node_modules/format-util": {
      "version": "1.0.5",
      "resolved": "https://registry.npmjs.org/format-util/-/format-util-1.0.5.tgz",
      "integrity": "sha512-varLbTj0e0yVyRpqQhuWV+8hlePAgaoFRhNFj50BNjEIrw1/DphHSObtqwskVCPWNgzwPoQrZAbfa/SBiicNeg==",
      "license": "MIT"
    },
    "node_modules/Kotlin-DateTime-library-kotlinx-datetime-wasm-js": {
      "resolved": "packages_imported/Kotlin-DateTime-library-kotlinx-datetime-wasm-js/0.6.1",
      "link": true
    },
    "packages_imported/Kotlin-DateTime-library-kotlinx-datetime-wasm-js/0.6.1": {
      "name": "Kotlin-DateTime-library-kotlinx-datetime-wasm-js",
      "version": "0.6.1",
      "dependencies": {
        "@js-joda/core": "3.2.0",
        "format-util": "^1.0.5"
      },
      "devDependencies": {}
    },
    "packages/android-file-logger-filelogger-core": {
      "version": "1.0.0-rc2",
      "dependencies": {
        "@js-joda/core": "3.2.0",
        "format-util": "^1.0.5"
      },
      "devDependencies": {}
    },
    "packages/android-file-logger-filelogger-core-test": {
      "version": "1.0.0-rc2",
      "dependencies": {
        "@js-joda/core": "3.2.0",
        "format-util": "^1.0.5"
      },
      "devDependencies": {}
    }
  }
}
